{
    "_meta": {
        "hash": {
            "sha256": "e30350c61dad277c14752280d1eab492fba852347903fb1a731c79b70d5b8a5f"
        },
        "pipfile-spec": 6,
        "requires": {
            "python_version": "3.7"
        },
        "sources": [
            {
                "name": "pypi",
                "url": "https://pypi.python.org/simple",
                "verify_ssl": true
            }
        ]
    },
    "default": {
        "beautifulsoup4": {
            "hashes": [
                "sha256:11a9a27b7d3bddc6d86f59fb76afb70e921a25ac2d6cc55b40d072bd68435a76",
                "sha256:7015e76bf32f1f574636c4288399a6de66ce08fb7b2457f628a8d70c0fbabb11",
                "sha256:808b6ac932dccb0a4126558f7dfdcf41710dd44a4ef497a0bb59a77f9f078e89"
            ],
            "version": "==4.6.0"
        },
        "boto3": {
            "hashes": [
                "sha256:73b65793f12141e14393a4f321861f3f33b68f9dfe4f14b7e65cdbfda5c7ccdb",
                "sha256:e6472861a88d0bb47844c7d03764b730c7fb9ab393a5f0a29f6b4dc0b20bee3d"
            ],
            "index": "pypi",
            "version": "==1.9.174"
        },
        "botocore": {
            "hashes": [
                "sha256:3356e72901d5a4259b8858785e415a895641454971e3fa67b4076b4c9bed543d",
                "sha256:f7220c6dd551724d4af796fb7ddfef6d423bade92e78c3cc2282953b38dfb259"
            ],
            "version": "==1.12.174"
        },
        "certifi": {
            "hashes": [
                "sha256:046832c04d4e752f37383b628bc601a7ea7211496b4638f6514d0e5b9acc4939",
                "sha256:945e3ba63a0b9f577b1395204e13c3a231f9bc0223888be653286534e5873695"
            ],
            "version": "==2019.6.16"
        },
        "chardet": {
            "hashes": [
                "sha256:84ab92ed1c4d4f16916e05906b6b75a6c0fb5db821cc65e70cbd64a3e2a5eaae",
                "sha256:fc323ffcaeaed0e0a02bf4d117757b98aed530d9ed4531e3e15460124c106691"
            ],
            "version": "==3.0.4"
        },
        "cloudinary": {
            "hashes": [
                "sha256:fb409844beaddeeea07908e1022412833b7000021187a113bb18dac321fa70cc"
            ],
            "index": "pypi",
            "version": "==1.15.0"
        },
        "defusedxml": {
            "hashes": [
                "sha256:6687150770438374ab581bb7a1b327a847dd9c5749e396102de3fad4e8a3ef93",
                "sha256:f684034d135af4c6cbb949b8a4d2ed61634515257a67299e5f940fbaa34377f5"
            ],
            "markers": "python_version >= '3.0'",
            "version": "==0.6.0"
        },
        "dj-database-url": {
            "hashes": [
                "sha256:4aeaeb1f573c74835b0686a2b46b85990571159ffc21aa57ecd4d1e1cb334163",
                "sha256:851785365761ebe4994a921b433062309eb882fedd318e1b0fcecc607ed02da9"
            ],
            "index": "pypi",
            "version": "==0.5.0"
        },
        "django": {
            "hashes": [
                "sha256:753d30d3eb078064d2ddadfea65083c9848074a7f93d7b4dc7fa6b1380d278f5",
                "sha256:7cb67e8b934fab23b6daed7144da52e8a25a47eba7f360ca43d2b448506b01ad"
            ],
            "index": "pypi",
            "version": "==2.2.2"
        },
        "django-admin-sortable": {
            "hashes": [
                "sha256:e4c6d8ef5b5d00320e37a64d5dc5f42342786f0d9dd0b84af6d016b4d63dd987"
            ],
            "index": "pypi",
            "version": "==2.1.14"
        },
        "django-cors-headers": {
            "hashes": [
                "sha256:5b80bf0f8d7fc6e2bcb4f40781d5ff3661961bbf1982e52daec77241dea3b890",
                "sha256:ebf3e2cf25aa6993b959a8e6a87828ebb3c8fe5bc3ec4a2d6e65f3b8d9b4212c"
            ],
            "index": "pypi",
            "version": "==3.0.2"
        },
        "django-csp": {
            "hashes": [
                "sha256:04600237701e6d6ff78ed7d41209ff923988148bf292c128f6b474b9befe444f",
                "sha256:8b9997df89a7a936d7c397e051367f974aa1d1a97d0b32acb4300087b3bed071"
            ],
            "index": "pypi",
            "version": "==3.5"
        },
        "django-environ": {
            "hashes": [
                "sha256:6c9d87660142608f63ec7d5ce5564c49b603ea8ff25da595fd6098f6dc82afde",
                "sha256:c57b3c11ec1f319d9474e3e5a79134f40174b17c7cc024bbb2fad84646b120c4"
            ],
            "index": "pypi",
            "version": "==0.4.5"
        },
        "django-filter": {
            "hashes": [
                "sha256:3dafb7d2810790498895c22a1f31b2375795910680ac9c1432821cbedb1e176d",
                "sha256:a3014de317bef0cd43075a0f08dfa1d319a7ccc5733c3901fb860da70b0dda68"
            ],
            "index": "pypi",
            "version": "==2.1.0"
        },
        "django-modelcluster": {
            "hashes": [
                "sha256:59672386191d38c69d6f994c3f9aaab3ff93910ec71e78a0bb6aa9abd4d1b90a",
                "sha256:eea507f2dd8bd283600c1cfa4de6776501a28f199089bb00613c1621505e80cc"
            ],
            "version": "==4.4"
        },
        "django-modeltranslation": {
            "hashes": [
                "sha256:55de86a9531d021cfc249552d17472bb5bf21955a4482f7f908be85d4980da36"
            ],
            "version": "==0.13.1"
        },
        "django-redis": {
            "hashes": [
                "sha256:af0b393864e91228dd30d8c85b5c44d670b5524cb161b7f9e41acc98b6e5ace7",
                "sha256:f46115577063d00a890867c6964ba096057f07cb756e78e0503b89cd18e4e083"
            ],
            "index": "pypi",
            "version": "==4.10.0"
        },
        "django-storages": {
            "hashes": [
                "sha256:8e35d2c7baeda5dc6f0b4f9a0fc142d25f9a1bf72b8cebfcbc5db4863abc552d",
                "sha256:b1a63cd5ea286ee5a9fb45de6c3c5c0ae132d58308d06f1ce9865cfcd5e470a7"
            ],
            "index": "pypi",
            "version": "==1.7.1"
        },
        "django-taggit": {
            "hashes": [
                "sha256:710b4d15ec1996550cc68a0abbc41903ca7d832540e52b1336e6858737e410d8",
                "sha256:bb8f27684814cd1414b2af75b857b5e26a40912631904038a7ecacd2bfafc3ac"
            ],
            "version": "==0.24.0"
        },
        "django-treebeard": {
            "hashes": [
                "sha256:c21db06a8d4943bf2a28d9d7a119058698fb76116df2679ecbf15a46a501de42"
            ],
            "version": "==4.3"
        },
        "djangorestframework": {
            "hashes": [
                "sha256:376f4b50340a46c15ae15ddd0c853085f4e66058f97e4dbe7d43ed62f5e60651",
                "sha256:c12869cfd83c33d579b17b3cb28a2ae7322a53c3ce85580c2a2ebe4e3f56c4fb"
            ],
            "index": "pypi",
            "version": "==3.9.4"
        },
        "docutils": {
            "hashes": [
                "sha256:02aec4bd92ab067f6ff27a38a38a41173bf01bed8f89157768c1573f53e474a6",
                "sha256:51e64ef2ebfb29cae1faa133b3710143496eca21c530f3f71424d77687764274",
                "sha256:7a4bd47eaf6596e1295ecb11361139febe29b084a87bf005bf899f9a42edc3c6"
            ],
            "version": "==0.14"
        },
        "draftjs-exporter": {
            "hashes": [
                "sha256:503f222c81de9a0619158d8f88b638f9069af8de233dc020faa782c7a3b22100"
            ],
            "version": "==2.1.6"
        },
        "factory-boy": {
            "hashes": [
                "sha256:6f25cc4761ac109efd503f096e2ad99421b1159f01a29dbb917359dcd68e08ca",
                "sha256:d552cb872b310ae78bd7429bf318e42e1e903b1a109e899a523293dfa762ea4f"
            ],
            "index": "pypi",
            "version": "==2.11.1"
        },
        "faker": {
            "hashes": [
                "sha256:1c0a5e7bb54d2c54569986a27124715c83899e592d8d61d4e372dbff6c699573",
                "sha256:60477f757a80f665bbe1fb3d1cfe5d205ec7b99d5240114de7b27b4c25d236ca"
            ],
            "index": "pypi",
            "version": "==1.0.7"
        },
        "filebrowser-safe": {
            "hashes": [
                "sha256:479e17dc6ea36c291ddaac207f6cab4bcc6a104c92d0f032057c8b0ce21862d0",
                "sha256:5dcd31dd79684025139b43841f6515af1da5a4bb0de15bc4d88003db1970648e"
            ],
            "index": "pypi",
            "version": "==0.5.0"
        },
        "future": {
            "hashes": [
                "sha256:67045236dcfd6816dc439556d009594abf643e5eb48992e36beac09c2ca659b8"
            ],
            "index": "pypi",
            "version": "==0.17.1"
        },
        "gunicorn": {
            "hashes": [
                "sha256:aa8e0b40b4157b36a5df5e599f45c9c76d6af43845ba3b3b0efe2c70473c2471",
                "sha256:fa2662097c66f920f53f70621c6c58ca4a3c4d3434205e608e121b5b3b71f4f3"
            ],
            "index": "pypi",
            "version": "==19.9.0"
        },
        "html5lib": {
            "hashes": [
                "sha256:20b159aa3badc9d5ee8f5c647e5efd02ed2a66ab8d354930bd9ff139fc1dc0a3",
                "sha256:66cb0dcfdbbc4f9c3ba1a63fdb511ffdbd4f513b2b6d81b80cd26ce6b3fb3736"
            ],
            "version": "==1.0.1"
        },
        "idna": {
            "hashes": [
                "sha256:c357b3f628cf53ae2c4c05627ecc484553142ca23264e593d327bcde5e9c3407",
                "sha256:ea8b7f6188e6fa117537c3df7da9fc686d485087abf6ac197f9c46432f7e4a3c"
            ],
            "version": "==2.8"
        },
        "jmespath": {
            "hashes": [
                "sha256:3720a4b1bd659dd2eecad0666459b9788813e032b83e7ba58578e48254e0a0e6",
                "sha256:bde2aef6f44302dfb30320115b17d030798de8c4110e28d5cf6cf91a7a31074c"
            ],
            "version": "==0.9.4"
        },
        "mock": {
            "hashes": [
                "sha256:83657d894c90d5681d62155c82bda9c1187827525880eda8ff5df4ec813437c3",
                "sha256:d157e52d4e5b938c550f39eb2fd15610db062441a9c2747d3dbfa9298211d0f8"
            ],
            "version": "==3.0.5"
        },
        "oauthlib": {
            "hashes": [
                "sha256:0ce32c5d989a1827e3f1148f98b9085ed2370fc939bf524c9c851d8714797298",
                "sha256:3e1e14f6cde7e5475128d30e97edc3bfb4dc857cb884d8714ec161fdbb3b358e"
            ],
            "version": "==3.0.1"
        },
        "pillow": {
            "hashes": [
                "sha256:051de330a06c99d6f84bcf582960487835bcae3fc99365185dc2d4f65a390c0e",
                "sha256:0ae5289948c5e0a16574750021bd8be921c27d4e3527800dc9c2c1d2abc81bf7",
                "sha256:0b1efce03619cdbf8bcc61cfae81fcda59249a469f31c6735ea59badd4a6f58a",
                "sha256:163136e09bd1d6c6c6026b0a662976e86c58b932b964f255ff384ecc8c3cefa3",
                "sha256:18e912a6ccddf28defa196bd2021fe33600cbe5da1aa2f2e2c6df15f720b73d1",
                "sha256:24ec3dea52339a610d34401d2d53d0fb3c7fd08e34b20c95d2ad3973193591f1",
                "sha256:267f8e4c0a1d7e36e97c6a604f5b03ef58e2b81c1becb4fccecddcb37e063cc7",
                "sha256:3273a28734175feebbe4d0a4cde04d4ed20f620b9b506d26f44379d3c72304e1",
                "sha256:4c678e23006798fc8b6f4cef2eaad267d53ff4c1779bd1af8725cc11b72a63f3",
                "sha256:4d4bc2e6bb6861103ea4655d6b6f67af8e5336e7216e20fff3e18ffa95d7a055",
                "sha256:505738076350a337c1740a31646e1de09a164c62c07db3b996abdc0f9d2e50cf",
                "sha256:5233664eadfa342c639b9b9977190d64ad7aca4edc51a966394d7e08e7f38a9f",
                "sha256:5d95cb9f6cced2628f3e4de7e795e98b2659dfcc7176ab4a01a8b48c2c2f488f",
                "sha256:7eda4c737637af74bac4b23aa82ea6fbb19002552be85f0b89bc27e3a762d239",
                "sha256:801ddaa69659b36abf4694fed5aa9f61d1ecf2daaa6c92541bbbbb775d97b9fe",
                "sha256:825aa6d222ce2c2b90d34a0ea31914e141a85edefc07e17342f1d2fdf121c07c",
                "sha256:9c215442ff8249d41ff58700e91ef61d74f47dfd431a50253e1a1ca9436b0697",
                "sha256:a3d90022f2202bbb14da991f26ca7a30b7e4c62bf0f8bf9825603b22d7e87494",
                "sha256:a631fd36a9823638fe700d9225f9698fb59d049c942d322d4c09544dc2115356",
                "sha256:a6523a23a205be0fe664b6b8747a5c86d55da960d9586db039eec9f5c269c0e6",
                "sha256:a756ecf9f4b9b3ed49a680a649af45a8767ad038de39e6c030919c2f443eb000",
                "sha256:b117287a5bdc81f1bac891187275ec7e829e961b8032c9e5ff38b70fd036c78f",
                "sha256:ba04f57d1715ca5ff74bb7f8a818bf929a204b3b3c2c2826d1e1cc3b1c13398c",
                "sha256:cd878195166723f30865e05d87cbaf9421614501a4bd48792c5ed28f90fd36ca",
                "sha256:cee815cc62d136e96cf76771b9d3eb58e0777ec18ea50de5cfcede8a7c429aa8",
                "sha256:d1722b7aa4b40cf93ac3c80d3edd48bf93b9208241d166a14ad8e7a20ee1d4f3",
                "sha256:d7c1c06246b05529f9984435fc4fa5a545ea26606e7f450bdbe00c153f5aeaad",
                "sha256:e9c8066249c040efdda84793a2a669076f92a301ceabe69202446abb4c5c5ef9",
                "sha256:f227d7e574d050ff3996049e086e1f18c7bd2d067ef24131e50a1d3fe5831fbc",
                "sha256:fc9a12aad714af36cf3ad0275a96a733526571e52710319855628f476dcb144e"
            ],
            "version": "==5.4.1"
        },
        "psycopg2-binary": {
            "hashes": [
                "sha256:19a2d1f3567b30f6c2bb3baea23f74f69d51f0c06c2e2082d0d9c28b0733a4c2",
                "sha256:2b69cf4b0fa2716fd977aa4e1fd39af6110eb47b2bb30b4e5a469d8fbecfc102",
                "sha256:2e952fa17ba48cbc2dc063ddeec37d7dc4ea0ef7db0ac1eda8906365a8543f31",
                "sha256:348b49dd737ff74cfb5e663e18cb069b44c64f77ec0523b5794efafbfa7df0b8",
                "sha256:3d72a5fdc5f00ca85160915eb9a973cf9a0ab8148f6eda40708bf672c55ac1d1",
                "sha256:4957452f7868f43f32c090dadb4188e9c74a4687323c87a882e943c2bd4780c3",
                "sha256:5138cec2ee1e53a671e11cc519505eb08aaaaf390c508f25b09605763d48de4b",
                "sha256:587098ca4fc46c95736459d171102336af12f0d415b3b865972a79c03f06259f",
                "sha256:5b79368bcdb1da4a05f931b62760bea0955ee2c81531d8e84625df2defd3f709",
                "sha256:5cf43807392247d9bc99737160da32d3fa619e0bfd85ba24d1c78db205f472a4",
                "sha256:676d1a80b1eebc0cacae8dd09b2fde24213173bf65650d22b038c5ed4039f392",
                "sha256:6b0211ecda389101a7d1d3df2eba0cf7ffbdd2480ca6f1d2257c7bd739e84110",
                "sha256:79cde4660de6f0bb523c229763bd8ad9a93ac6760b72c369cf1213955c430934",
                "sha256:7aba9786ac32c2a6d5fb446002ed936b47d5e1f10c466ef7e48f66eb9f9ebe3b",
                "sha256:7c8159352244e11bdd422226aa17651110b600d175220c451a9acf795e7414e0",
                "sha256:945f2eedf4fc6b2432697eb90bb98cc467de5147869e57405bfc31fa0b824741",
                "sha256:96b4e902cde37a7fc6ab306b3ac089a3949e6ce3d824eeca5b19dc0bedb9f6e2",
                "sha256:9a7bccb1212e63f309eb9fab47b6eaef796f59850f169a25695b248ca1bf681b",
                "sha256:a3bfcac727538ec11af304b5eccadbac952d4cca1a551a29b8fe554e3ad535dc",
                "sha256:b19e9f1b85c5d6136f5a0549abdc55dcbd63aba18b4f10d0d063eb65ef2c68b4",
                "sha256:b664011bb14ca1f2287c17185e222f2098f7b4c857961dbcf9badb28786dbbf4",
                "sha256:bde7959ef012b628868d69c474ec4920252656d0800835ed999ba5e4f57e3e2e",
                "sha256:cb095a0657d792c8de9f7c9a0452385a309dfb1bbbb3357d6b1e216353ade6ca",
                "sha256:d16d42a1b9772152c1fe606f679b2316551f7e1a1ce273e7f808e82a136cdb3d",
                "sha256:d444b1545430ffc1e7a24ce5a9be122ccd3b135a7b7e695c5862c5aff0b11159",
                "sha256:d93ccc7bf409ec0a23f2ac70977507e0b8a8d8c54e5ee46109af2f0ec9e411f3",
                "sha256:df6444f952ca849016902662e1a47abf4fa0678d75f92fd9dd27f20525f809cd",
                "sha256:e63850d8c52ba2b502662bf3c02603175c2397a9acc756090e444ce49508d41e",
                "sha256:ec43358c105794bc2b6fd34c68d27f92bea7102393c01889e93f4b6a70975728",
                "sha256:f4c6926d9c03dadce7a3b378b40d2fea912c1344ef9b29869f984fb3d2a2420b"
            ],
            "index": "pypi",
            "version": "==2.7.7"
        },
        "pyjwt": {
            "hashes": [
                "sha256:5c6eca3c2940464d106b99ba83b00c6add741c9becaec087fb7ccdefea71350e",
                "sha256:8d59a976fb773f3e6a39c85636357c4f0e242707394cadadd9814f5cbaa20e96"
            ],
            "version": "==1.7.1"
        },
        "python-dateutil": {
            "hashes": [
                "sha256:7e6584c74aeed623791615e26efd690f29817a27c73085b78e4bad02493df2fb",
                "sha256:c89805f6f4d64db21ed966fda138f8a5ed7a4fdbc1a8ee329ce1b74e3c74da9e"
            ],
            "markers": "python_version >= '2.7'",
            "version": "==2.8.0"
        },
        "python-slugify": {
            "hashes": [
                "sha256:57163ffb345c7e26063435a27add1feae67fa821f1ef4b2f292c25847575d758"
            ],
            "index": "pypi",
            "version": "==3.0.2"
        },
        "python3-openid": {
            "hashes": [
                "sha256:0086da6b6ef3161cfe50fb1ee5cceaf2cda1700019fda03c2c5c440ca6abe4fa",
                "sha256:628d365d687e12da12d02c6691170f4451db28d6d68d050007e4a40065868502"
            ],
            "markers": "python_version >= '3.0'",
            "version": "==3.1.0"
        },
        "pytz": {
            "hashes": [
                "sha256:303879e36b721603cc54604edcac9d20401bdbe31e1e4fdee5b9f98d5d31dfda",
                "sha256:d747dd3d23d77ef44c6a3526e274af6efeb0a6f1afd5a69ba4d5be4098c8e141"
            ],
            "version": "==2019.1"
        },
        "pyyaml": {
            "hashes": [
                "sha256:1adecc22f88d38052fb787d959f003811ca858b799590a5eaa70e63dca50308c",
                "sha256:436bc774ecf7c103814098159fbb84c2715d25980175292c648f2da143909f95",
                "sha256:460a5a4248763f6f37ea225d19d5c205677d8d525f6a83357ca622ed541830c2",
                "sha256:5a22a9c84653debfbf198d02fe592c176ea548cccce47553f35f466e15cf2fd4",
                "sha256:7a5d3f26b89d688db27822343dfa25c599627bc92093e788956372285c6298ad",
                "sha256:9372b04a02080752d9e6f990179a4ab840227c6e2ce15b95e1278456664cf2ba",
                "sha256:a5dcbebee834eaddf3fa7366316b880ff4062e4bcc9787b78c7fbb4a26ff2dd1",
                "sha256:aee5bab92a176e7cd034e57f46e9df9a9862a71f8f37cad167c6fc74c65f5b4e",
                "sha256:c51f642898c0bacd335fc119da60baae0824f2cde95b0330b56c0553439f0673",
                "sha256:c68ea4d3ba1705da1e0d85da6684ac657912679a649e8868bd850d2c299cce13",
                "sha256:e23d0cc5299223dcc37885dae624f382297717e459ea24053709675a976a3e19"
            ],
            "index": "pypi",
            "version": "==5.1"
        },
        "redis": {
            "hashes": [
                "sha256:6946b5dca72e86103edc8033019cc3814c031232d339d5f4533b02ea85685175",
                "sha256:8ca418d2ddca1b1a850afa1680a7d2fd1f3322739271de4b704e0d4668449273"
            ],
            "version": "==3.2.1"
        },
        "requests": {
            "hashes": [
                "sha256:11e007a8a2aa0323f5a921e9e6a2d7e4e67d9877e85773fba9ba6419025cbeb4",
                "sha256:9cf5292fcd0f598c671cfc1e0d7d1a7f13bb8085e9a590f48c010551dc6c4b31"
            ],
            "index": "pypi",
            "version": "==2.22.0"
        },
        "requests-oauthlib": {
            "hashes": [
                "sha256:bd6533330e8748e94bf0b214775fed487d309b8b8fe823dc45641ebcd9a32f57",
                "sha256:d3ed0c8f2e3bbc6b344fa63d6f933745ab394469da38db16bdddb461c7e25140"
            ],
            "version": "==1.2.0"
        },
        "s3transfer": {
            "hashes": [
                "sha256:6efc926738a3cd576c2a79725fed9afde92378aa5c6a957e3af010cb019fac9d",
                "sha256:b780f2411b824cb541dbcd2c713d0cb61c7d1bcadae204cdddda2b35cef493ba"
            ],
            "version": "==0.2.1"
        },
        "six": {
            "hashes": [
                "sha256:3350809f0555b11f552448330d0b52d5f24c91a322ea4a15ef22629740f3761c",
                "sha256:d16a0141ec1a18405cd4ce8b4613101da75da0e9a7aec5bdd4fa804d0e0eba73"
            ],
            "version": "==1.12.0"
        },
        "social-auth-app-django": {
            "hashes": [
                "sha256:6d0dd18c2d9e71ca545097d57b44d26f59e624a12833078e8e52f91baf849778",
                "sha256:9237e3d7b6f6f59494c3b02e0cce6efc69c9d33ad9d1a064e3b2318bcbe89ae3",
                "sha256:f151396e5b16e2eee12cd2e211004257826ece24fc4ae97a147df386c1cd7082"
            ],
            "index": "pypi",
            "version": "==3.1.0"
        },
        "social-auth-core": {
            "hashes": [
                "sha256:47cd2458c8fefd02466b0c514643e02ad8b61d8b4b69f7573e80882e3a97b0f0",
                "sha256:8320666548a532eb158968eda542bbe1863682357c432d8c4e28034a7f1e3b58",
                "sha256:d81ed681e3c0722300b61a0792c5db5d21206793f95ca810f010c1cc931c8d89"
            ],
            "version": "==3.2.0"
        },
        "sqlparse": {
            "hashes": [
                "sha256:40afe6b8d4b1117e7dff5504d7a8ce07d9a1b15aeeade8a2d10f130a834f8177",
                "sha256:7c3dca29c022744e95b547e867cee89f4fce4373f3549ccd8797d8eb52cdb873"
            ],
            "version": "==0.3.0"
        },
        "text-unidecode": {
            "hashes": [
                "sha256:5a1375bb2ba7968740508ae38d92e1f889a0832913cb1c447d5e2046061a396d",
                "sha256:801e38bd550b943563660a91de8d4b6fa5df60a542be9093f7abf819f86050cc"
            ],
            "version": "==1.2"
        },
        "tqdm": {
            "hashes": [
                "sha256:6ec1dc74efacf2cda936b4a6cf4082ce224c76763bdec9f17e437c8cfcaa9953",
                "sha256:9f019dcbec25b5b4cb1bbf43e5c346e0d6a001fe4f598d70283d379e5314e202"
            ],
            "version": "==4.15.0"
        },
        "unidecode": {
            "hashes": [
                "sha256:1d7a042116536098d05d599ef2b8616759f02985c85b4fef50c78a5aaf10822a",
                "sha256:2b6aab710c2a1647e928e36d69c21e76b453cd455f4e2621000e54b2a9b8cce8"
            ],
            "version": "==1.1.1"
        },
        "urllib3": {
            "hashes": [
                "sha256:b246607a25ac80bedac05c6f282e3cdaf3afb65420fd024ac94435cabe6e18d1",
                "sha256:dbe59173209418ae49d485b87d1681aefa36252ee85884c31346debd19463232"
            ],
            "markers": "python_version >= '3.4'",
            "version": "==1.25.3"
        },
        "wagtail": {
            "hashes": [
                "sha256:6213d91d0624d62723fdd2c8c88c5b2b96a6e5a301b742b305c40a674286172c",
                "sha256:aa4371d3e6feba01bbb1c48a6ed2569c4aa6b3f715971827c6ca1a68afda0f60"
            ],
            "index": "pypi",
            "version": "==2.5.1"
        },
        "wagtail-experiments": {
            "hashes": [
                "sha256:7f24a2f976fafa78d4c3baf1cf41a1e8ef8b34413c9e662c7fd63428c3c8afdc",
                "sha256:a3e268510b4d7732c4cc9f9cd51bb01fefc511eee14b35df7608a59a9732cffa"
            ],
            "index": "pypi",
            "version": "==0.2"
        },
        "wagtail-factories": {
            "hashes": [
                "sha256:141cdb65ef0c292d2220a11976311af21d92f4445f2293a8a27ee6e89c96a779",
                "sha256:3dd25ae90024e6aaf8e714473545dfa3af14e701835652d112f22d3d228b7fc7"
            ],
            "index": "pypi",
            "version": "==1.1.0"
        },
        "wagtail-inventory": {
            "hashes": [
                "sha256:4a834eac36c32936a735873dbe6b320d7fa52752f389d55131bdc4c231ff723e",
                "sha256:a8a4e6d12bf09f4455a35e3056e852c2fb73164acc95e5093a33bc52f3b127d1"
            ],
            "index": "pypi",
            "version": "==0.7"
        },
        "wagtail-metadata": {
            "hashes": [
                "sha256:1b710fcd6c96f2405db0d9f12ea3055a4532f3e4a43bcb2793700cde714841f1",
                "sha256:e3ef0776d3a429239dce4d164ac40c779f5d8ac958c630e0ab7442c25c54692e"
            ],
            "index": "pypi",
            "version": "==2.0.1"
        },
        "wagtail-modeltranslation": {
            "hashes": [
                "sha256:793a27e5b2c21de72ccdd471109a4f8453cd606ce534cfbe4824634f706aa2f5"
            ],
            "index": "pypi",
            "version": "==0.10.1"
        },
        "webencodings": {
            "hashes": [
                "sha256:a0af1213f3c2226497a97e2b3aa01a7e4bee4f403f95be16fc9acd2947514a78",
                "sha256:b36a1c245f2d304965eb4e0a82848379241dc04b865afcc4aab16748587e1923"
            ],
            "version": "==0.5.1"
        },
        "whitenoise": {
            "hashes": [
                "sha256:118ab3e5f815d380171b100b05b76de2a07612f422368a201a9ffdeefb2251c1",
                "sha256:42133ddd5229eeb6a0c9899496bdbe56c292394bf8666da77deeb27454c0456a"
            ],
            "index": "pypi",
            "version": "==4.1.2"
        },
        "willow": {
            "hashes": [
                "sha256:76a8874304356b7d86923405f5ca1df125c3540fb55b32747e7a33ba59bc1744",
                "sha256:818ee11803c90a0a6d49c94b0453d6266be1ef83ae00de72731c45fae4d3e78c"
            ],
            "version": "==1.1"
        }
    },
    "develop": {
        "certifi": {
            "hashes": [
                "sha256:046832c04d4e752f37383b628bc601a7ea7211496b4638f6514d0e5b9acc4939",
                "sha256:945e3ba63a0b9f577b1395204e13c3a231f9bc0223888be653286534e5873695"
            ],
            "version": "==2019.6.16"
        },
        "chardet": {
            "hashes": [
                "sha256:84ab92ed1c4d4f16916e05906b6b75a6c0fb5db821cc65e70cbd64a3e2a5eaae",
                "sha256:fc323ffcaeaed0e0a02bf4d117757b98aed530d9ed4531e3e15460124c106691"
            ],
            "version": "==3.0.4"
        },
        "coverage": {
            "hashes": [
                "sha256:00d464797a236f654337181af72b4baea3d35d056ca480e45e9163bb5df496b8",
                "sha256:0a90afa6f5ea08889da9066dca3ce2ef85d47587e3f66ca06a4fa8d3a0053acc",
                "sha256:50727512afe77e044c7d7f2fd4cd0fe62b06527f965b335a810d956748e0514d",
                "sha256:6c2fd127cd4e2decb0ab41fe3ac2948b87ad2ea0470e24b4be5f7e7fdfef8df3",
                "sha256:6ed521ed3800d8f8911642b9b3c3891780a929db5e572c88c4713c1032530f82",
                "sha256:76a73a48a308fb87a4417d630b0345d36166f489ef17ea5aa8e4596fb50a2296",
                "sha256:85b1275b6d7a61ccc8024a4e9a4c9e896394776edce1a5d075ec116f91925462",
                "sha256:8e60e720cad3ee6b0a32f475ae4040552c5623870a9ca0d3d4263faa89a8d96b",
                "sha256:93c50475f189cd226e9688b9897a0cd3c4c5d9c90b1733fa8f6445cfc0182c51",
                "sha256:94c1e66610807a7917d967ed6415b9d5fde7487ab2a07bb5e054567865ef6ef0",
                "sha256:964f86394cb4d0fd2bb40ffcddca321acf4323b48d1aa5a93db8b743c8a00f79",
                "sha256:99043494b28d6460035dd9410269cdb437ee460edc7f96f07ab45c57ba95e651",
                "sha256:af2f59ce312523c384a7826821cae0b95f320fee1751387abba4f00eed737166",
                "sha256:beb96d32ce8cfa47ec6433d95a33e4afaa97c19ac1b4a47ea40a424fedfee7c2",
                "sha256:c00bac0f6b35b82ace069a6a0d88e8fd4cd18d964fc5e47329cd02b212397fbe",
                "sha256:d079e36baceea9707fd50b268305654151011274494a33c608c075808920eda8",
                "sha256:e813cba9ff0e3d37ad31dc127fac85d23f9a26d0461ef8042ac4539b2045e781"
            ],
            "version": "==4.0.3"
        },
        "entrypoints": {
            "hashes": [
                "sha256:589f874b313739ad35be6e0cd7efde2a4e9b6fea91edcc34e58ecbb8dbe56d19",
                "sha256:c70dd71abe5a8c85e55e12c19bd91ccfeec11a6e99044204511f9ed547d48451"
            ],
            "version": "==0.3"
        },
        "flake8": {
            "hashes": [
                "sha256:859996073f341f2670741b51ec1e67a01da142831aa1fdc6242dbf88dffbe661",
                "sha256:a796a115208f5c03b18f332f7c11729812c8c3ded6c46319c59b53efd3819da8"
            ],
            "index": "pypi",
            "version": "==3.7.7"
        },
        "idna": {
            "hashes": [
                "sha256:c357b3f628cf53ae2c4c05627ecc484553142ca23264e593d327bcde5e9c3407",
                "sha256:ea8b7f6188e6fa117537c3df7da9fc686d485087abf6ac197f9c46432f7e4a3c"
            ],
            "version": "==2.8"
        },
        "mccabe": {
            "hashes": [
                "sha256:ab8a6258860da4b6677da4bd2fe5dc2c659cff31b3ee4f7f5d64e79735b80d42",
                "sha256:dd8d182285a0fe56bace7f45b5e7d1a6ebcbf524e8f3bd87eb0f125271b8831f"
            ],
            "version": "==0.6.1"
        },
        "pycodestyle": {
            "hashes": [
                "sha256:95a2219d12372f05704562a14ec30bc76b05a5b297b21a5dfe3f6fac3491ae56",
                "sha256:e40a936c9a450ad81df37f549d676d127b1b66000a6c500caa2b085bc0ca976c"
            ],
            "version": "==2.5.0"
        },
        "pyflakes": {
            "hashes": [
                "sha256:17dbeb2e3f4d772725c777fabc446d5634d1038f234e77343108ce445ea69ce0",
                "sha256:d976835886f8c5b31d47970ed689944a0262b5f3afa00a5a7b4dc81e5449f8a2"
            ],
            "version": "==2.1.1"
        },
        "python-coveralls": {
            "hashes": [
                "sha256:1748272081e0fc21e2c20c12e5bd18cb13272db1b130758df0d473da0cb31087",
                "sha256:736dda01f64beda240e1500d5f264b969495b05fcb325c7c0eb7ebbfd1210b70"
            ],
            "index": "pypi",
            "version": "==2.9.1"
        },
        "pyyaml": {
            "hashes": [
                "sha256:1adecc22f88d38052fb787d959f003811ca858b799590a5eaa70e63dca50308c",
                "sha256:436bc774ecf7c103814098159fbb84c2715d25980175292c648f2da143909f95",
                "sha256:460a5a4248763f6f37ea225d19d5c205677d8d525f6a83357ca622ed541830c2",
                "sha256:5a22a9c84653debfbf198d02fe592c176ea548cccce47553f35f466e15cf2fd4",
                "sha256:7a5d3f26b89d688db27822343dfa25c599627bc92093e788956372285c6298ad",
                "sha256:9372b04a02080752d9e6f990179a4ab840227c6e2ce15b95e1278456664cf2ba",
                "sha256:a5dcbebee834eaddf3fa7366316b880ff4062e4bcc9787b78c7fbb4a26ff2dd1",
                "sha256:aee5bab92a176e7cd034e57f46e9df9a9862a71f8f37cad167c6fc74c65f5b4e",
                "sha256:c51f642898c0bacd335fc119da60baae0824f2cde95b0330b56c0553439f0673",
                "sha256:c68ea4d3ba1705da1e0d85da6684ac657912679a649e8868bd850d2c299cce13",
                "sha256:e23d0cc5299223dcc37885dae624f382297717e459ea24053709675a976a3e19"
            ],
            "index": "pypi",
            "version": "==5.1"
        },
        "requests": {
            "hashes": [
                "sha256:11e007a8a2aa0323f5a921e9e6a2d7e4e67d9877e85773fba9ba6419025cbeb4",
                "sha256:9cf5292fcd0f598c671cfc1e0d7d1a7f13bb8085e9a590f48c010551dc6c4b31"
            ],
            "index": "pypi",
            "version": "==2.22.0"
        },
        "six": {
            "hashes": [
                "sha256:3350809f0555b11f552448330d0b52d5f24c91a322ea4a15ef22629740f3761c",
                "sha256:d16a0141ec1a18405cd4ce8b4613101da75da0e9a7aec5bdd4fa804d0e0eba73"
            ],
            "version": "==1.12.0"
        },
        "urllib3": {
            "hashes": [
                "sha256:b246607a25ac80bedac05c6f282e3cdaf3afb65420fd024ac94435cabe6e18d1",
                "sha256:dbe59173209418ae49d485b87d1681aefa36252ee85884c31346debd19463232"
            ],
            "markers": "python_version >= '3.4'",
            "version": "==1.25.3"
        }
    }
}
